
Microsoft Visual Studio Solution File, Format Version 12.00
# Visual Studio Version 17
VisualStudioVersion = 17.1.32407.343
MinimumVisualStudioVersion = 10.0.40219.1
Project("{FAE04EC0-301F-11D3-BF4B-00C04F79EFBC}") = "OnelityTask", "OnelityTask\OnelityTask.csproj", "{2825B43D-23E9-4E97-8DEC-64D3F44D51E8}"
EndProject
Project("{FAE04EC0-301F-11D3-BF4B-00C04F79EFBC}") = "OnelityTaskBackend", "OnelityTaskBackend\OnelityTaskBackend.csproj", "{DF58ACE5-D929-47EF-8081-279746C331CB}"
EndProject
Global
	GlobalSection(SolutionConfigurationPlatforms) = preSolution
		Debug|Any CPU = Debug|Any CPU
		Release|Any CPU = Release|Any CPU
	EndGlobalSection
	GlobalSection(ProjectConfigurationPlatforms) = postSolution
		{2825B43D-23E9-4E97-8DEC-64D3F44D51E8}.Debug|Any CPU.ActiveCfg = Debug|Any CPU
		{2825B43D-23E9-4E97-8DEC-64D3F44D51E8}.Debug|Any CPU.Build.0 = Debug|Any CPU
		{2825B43D-23E9-4E97-8DEC-64D3F44D51E8}.Release|Any CPU.ActiveCfg = Release|Any CPU
		{2825B43D-23E9-4E97-8DEC-64D3F44D51E8}.Release|Any CPU.Build.0 = Release|Any CPU
		{DF58ACE5-D929-47EF-8081-279746C331CB}.Debug|Any CPU.ActiveCfg = Debug|Any CPU
		{DF58ACE5-D929-47EF-8081-279746C331CB}.Debug|Any CPU.Build.0 = Debug|Any CPU
		{DF58ACE5-D929-47EF-8081-279746C331CB}.Release|Any CPU.ActiveCfg = Release|Any CPU
		{DF58ACE5-D929-47EF-8081-279746C331CB}.Release|Any CPU.Build.0 = Release|Any CPU
	EndGlobalSection
	GlobalSection(SolutionProperties) = preSolution
		HideSolutionNode = FALSE
	EndGlobalSection
	GlobalSection(ExtensibilityGlobals) = postSolution
		SolutionGuid = {A910512C-3475-43F4-9EA7-E8DBBBA1C73F}
	EndGlobalSection
EndGlobal
